
Microsoft Visual Studio Solution File, Format Version 12.00
# Visual Studio Version 17
VisualStudioVersion = 17.0.31912.275
MinimumVisualStudioVersion = 10.0.40219.1
Project("{FAE04EC0-301F-11D3-BF4B-00C04F79EFBC}") = "Exercise1", "Exercise1\Exercise1.csproj", "{2F6679EA-229B-4BB0-92FE-C5586DC8901D}"
EndProject
Global
	GlobalSection(SolutionConfigurationPlatforms) = preSolution
		Debug|Any CPU = Debug|Any CPU
		Release|Any CPU = Release|Any CPU
	EndGlobalSection
	GlobalSection(ProjectConfigurationPlatforms) = postSolution
		{2F6679EA-229B-4BB0-92FE-C5586DC8901D}.Debug|Any CPU.ActiveCfg = Debug|Any CPU
		{2F6679EA-229B-4BB0-92FE-C5586DC8901D}.Debug|Any CPU.Build.0 = Debug|Any CPU
		{2F6679EA-229B-4BB0-92FE-C5586DC8901D}.Release|Any CPU.ActiveCfg = Release|Any CPU
		{2F6679EA-229B-4BB0-92FE-C5586DC8901D}.Release|Any CPU.Build.0 = Release|Any CPU
	EndGlobalSection
	GlobalSection(SolutionProperties) = preSolution
		HideSolutionNode = FALSE
	EndGlobalSection
	GlobalSection(ExtensibilityGlobals) = postSolution
		SolutionGuid = {78A74044-D25A-473C-B3A0-F463120E6637}
	EndGlobalSection
EndGlobal
